
Microsoft Visual Studio Solution File, Format Version 12.00
# Visual Studio 15
VisualStudioVersion = 15.0.26124.0
MinimumVisualStudioVersion = 15.0.26124.0
Project("{FAE04EC0-301F-11D3-BF4B-00C04F79EFBC}") = "estampillasProDesarrollo", "estampillasProDesarrollo.csproj", "{263AD3C6-41CE-4A6D-A1BA-138B3CA23003}"
EndProject
Project("{FAE04EC0-301F-11D3-BF4B-00C04F79EFBC}") = "Datos", "Datos\Datos.csproj", "{A0016E91-71EB-42E7-AAA8-D134A29C65C1}"
EndProject
Project("{FAE04EC0-301F-11D3-BF4B-00C04F79EFBC}") = "Logica", "Logica\Logica.csproj", "{665A61FC-5A2A-4FAF-9A0A-356FD7C3256F}"
EndProject
Project("{FAE04EC0-301F-11D3-BF4B-00C04F79EFBC}") = "Entity", "Entity\Entity.csproj", "{015A0571-158E-4E33-9787-ED8CDF360D2E}"
EndProject
Global
	GlobalSection(SolutionConfigurationPlatforms) = preSolution
		Debug|Any CPU = Debug|Any CPU
		Debug|x64 = Debug|x64
		Debug|x86 = Debug|x86
		Release|Any CPU = Release|Any CPU
		Release|x64 = Release|x64
		Release|x86 = Release|x86
	EndGlobalSection
	GlobalSection(SolutionProperties) = preSolution
		HideSolutionNode = FALSE
	EndGlobalSection
	GlobalSection(ProjectConfigurationPlatforms) = postSolution
		{263AD3C6-41CE-4A6D-A1BA-138B3CA23003}.Debug|Any CPU.ActiveCfg = Debug|Any CPU
		{263AD3C6-41CE-4A6D-A1BA-138B3CA23003}.Debug|Any CPU.Build.0 = Debug|Any CPU
		{263AD3C6-41CE-4A6D-A1BA-138B3CA23003}.Debug|x64.ActiveCfg = Debug|Any CPU
		{263AD3C6-41CE-4A6D-A1BA-138B3CA23003}.Debug|x64.Build.0 = Debug|Any CPU
		{263AD3C6-41CE-4A6D-A1BA-138B3CA23003}.Debug|x86.ActiveCfg = Debug|Any CPU
		{263AD3C6-41CE-4A6D-A1BA-138B3CA23003}.Debug|x86.Build.0 = Debug|Any CPU
		{263AD3C6-41CE-4A6D-A1BA-138B3CA23003}.Release|Any CPU.ActiveCfg = Release|Any CPU
		{263AD3C6-41CE-4A6D-A1BA-138B3CA23003}.Release|Any CPU.Build.0 = Release|Any CPU
		{263AD3C6-41CE-4A6D-A1BA-138B3CA23003}.Release|x64.ActiveCfg = Release|Any CPU
		{263AD3C6-41CE-4A6D-A1BA-138B3CA23003}.Release|x64.Build.0 = Release|Any CPU
		{263AD3C6-41CE-4A6D-A1BA-138B3CA23003}.Release|x86.ActiveCfg = Release|Any CPU
		{263AD3C6-41CE-4A6D-A1BA-138B3CA23003}.Release|x86.Build.0 = Release|Any CPU
		{A0016E91-71EB-42E7-AAA8-D134A29C65C1}.Debug|Any CPU.ActiveCfg = Debug|Any CPU
		{A0016E91-71EB-42E7-AAA8-D134A29C65C1}.Debug|Any CPU.Build.0 = Debug|Any CPU
		{A0016E91-71EB-42E7-AAA8-D134A29C65C1}.Debug|x64.ActiveCfg = Debug|Any CPU
		{A0016E91-71EB-42E7-AAA8-D134A29C65C1}.Debug|x64.Build.0 = Debug|Any CPU
		{A0016E91-71EB-42E7-AAA8-D134A29C65C1}.Debug|x86.ActiveCfg = Debug|Any CPU
		{A0016E91-71EB-42E7-AAA8-D134A29C65C1}.Debug|x86.Build.0 = Debug|Any CPU
		{A0016E91-71EB-42E7-AAA8-D134A29C65C1}.Release|Any CPU.ActiveCfg = Release|Any CPU
		{A0016E91-71EB-42E7-AAA8-D134A29C65C1}.Release|Any CPU.Build.0 = Release|Any CPU
		{A0016E91-71EB-42E7-AAA8-D134A29C65C1}.Release|x64.ActiveCfg = Release|Any CPU
		{A0016E91-71EB-42E7-AAA8-D134A29C65C1}.Release|x64.Build.0 = Release|Any CPU
		{A0016E91-71EB-42E7-AAA8-D134A29C65C1}.Release|x86.ActiveCfg = Release|Any CPU
		{A0016E91-71EB-42E7-AAA8-D134A29C65C1}.Release|x86.Build.0 = Release|Any CPU
		{665A61FC-5A2A-4FAF-9A0A-356FD7C3256F}.Debug|Any CPU.ActiveCfg = Debug|Any CPU
		{665A61FC-5A2A-4FAF-9A0A-356FD7C3256F}.Debug|Any CPU.Build.0 = Debug|Any CPU
		{665A61FC-5A2A-4FAF-9A0A-356FD7C3256F}.Debug|x64.ActiveCfg = Debug|Any CPU
		{665A61FC-5A2A-4FAF-9A0A-356FD7C3256F}.Debug|x64.Build.0 = Debug|Any CPU
		{665A61FC-5A2A-4FAF-9A0A-356FD7C3256F}.Debug|x86.ActiveCfg = Debug|Any CPU
		{665A61FC-5A2A-4FAF-9A0A-356FD7C3256F}.Debug|x86.Build.0 = Debug|Any CPU
		{665A61FC-5A2A-4FAF-9A0A-356FD7C3256F}.Release|Any CPU.ActiveCfg = Release|Any CPU
		{665A61FC-5A2A-4FAF-9A0A-356FD7C3256F}.Release|Any CPU.Build.0 = Release|Any CPU
		{665A61FC-5A2A-4FAF-9A0A-356FD7C3256F}.Release|x64.ActiveCfg = Release|Any CPU
		{665A61FC-5A2A-4FAF-9A0A-356FD7C3256F}.Release|x64.Build.0 = Release|Any CPU
		{665A61FC-5A2A-4FAF-9A0A-356FD7C3256F}.Release|x86.ActiveCfg = Release|Any CPU
		{665A61FC-5A2A-4FAF-9A0A-356FD7C3256F}.Release|x86.Build.0 = Release|Any CPU
		{015A0571-158E-4E33-9787-ED8CDF360D2E}.Debug|Any CPU.ActiveCfg = Debug|Any CPU
		{015A0571-158E-4E33-9787-ED8CDF360D2E}.Debug|Any CPU.Build.0 = Debug|Any CPU
		{015A0571-158E-4E33-9787-ED8CDF360D2E}.Debug|x64.ActiveCfg = Debug|Any CPU
		{015A0571-158E-4E33-9787-ED8CDF360D2E}.Debug|x64.Build.0 = Debug|Any CPU
		{015A0571-158E-4E33-9787-ED8CDF360D2E}.Debug|x86.ActiveCfg = Debug|Any CPU
		{015A0571-158E-4E33-9787-ED8CDF360D2E}.Debug|x86.Build.0 = Debug|Any CPU
		{015A0571-158E-4E33-9787-ED8CDF360D2E}.Release|Any CPU.ActiveCfg = Release|Any CPU
		{015A0571-158E-4E33-9787-ED8CDF360D2E}.Release|Any CPU.Build.0 = Release|Any CPU
		{015A0571-158E-4E33-9787-ED8CDF360D2E}.Release|x64.ActiveCfg = Release|Any CPU
		{015A0571-158E-4E33-9787-ED8CDF360D2E}.Release|x64.Build.0 = Release|Any CPU
		{015A0571-158E-4E33-9787-ED8CDF360D2E}.Release|x86.ActiveCfg = Release|Any CPU
		{015A0571-158E-4E33-9787-ED8CDF360D2E}.Release|x86.Build.0 = Release|Any CPU
	EndGlobalSection
EndGlobal
